
Microsoft Visual Studio Solution File, Format Version 12.00
# Visual Studio Version 18
VisualStudioVersion = 18.0.11205.157 d18.0
MinimumVisualStudioVersion = 10.0.40219.1
Project("{2150E333-8FDC-42A3-9474-1A3956D46DE8}") = "src", "src", "{61D45DB5-C68B-49FD-A0D8-B134EB62701E}"
	ProjectSection(SolutionItems) = preProject
		src\ColorDepth.cs = src\ColorDepth.cs
		src\SharedStatus.cs = src\SharedStatus.cs
		src\VirtualKey.cs = src\VirtualKey.cs
	EndProjectSection
EndProject
Project("{2150E333-8FDC-42A3-9474-1A3956D46DE8}") = ".github", ".github", "{EFA3143E-5E70-4B74-8471-8D5120C2EDC7}"
EndProject
Project("{2150E333-8FDC-42A3-9474-1A3956D46DE8}") = "workflows", "workflows", "{D278E1B4-119A-4C54-9F1D-23BAACAEAB25}"
	ProjectSection(SolutionItems) = preProject
		.github\workflows\build_10.0.yml = .github\workflows\build_10.0.yml
		.github\workflows\build_8.0.yml = .github\workflows\build_8.0.yml
		.github\workflows\build_9.0.yml = .github\workflows\build_9.0.yml
	EndProjectSection
EndProject
Project("{2150E333-8FDC-42A3-9474-1A3956D46DE8}") = "솔루션 항목", "솔루션 항목", "{0CC2D6B7-D377-4ED0-BF75-DB29386138D4}"
	ProjectSection(SolutionItems) = preProject
		.gitignore = .gitignore
		LICENSE.txt = LICENSE.txt
		README.md = README.md
	EndProjectSection
EndProject
Project("{FAE04EC0-301F-11D3-BF4B-00C04F79EFBC}") = "MetaFrm.RemoteDesktop.Core(net8.0)", "MetaFrm.RemoteDesktop.Core(net8.0)\MetaFrm.RemoteDesktop.Core(net8.0).csproj", "{77E5413A-B386-EFBE-9690-D90B9AD56A0A}"
EndProject
Project("{FAE04EC0-301F-11D3-BF4B-00C04F79EFBC}") = "MetaFrm.RemoteDesktop.Core(net9.0)", "MetaFrm.RemoteDesktop.Core(net9.0)\MetaFrm.RemoteDesktop.Core(net9.0).csproj", "{AF84CAB5-D97F-63EC-4418-E98F5B431520}"
EndProject
Project("{2150E333-8FDC-42A3-9474-1A3956D46DE8}") = "Models", "Models", "{C8D5274F-AC00-46C7-1F8D-E88E81087A52}"
	ProjectSection(SolutionItems) = preProject
		src\Models\Server.cs = src\Models\Server.cs
		src\Models\ServerExtend.cs = src\Models\ServerExtend.cs
		src\Models\ServerTmp.cs = src\Models\ServerTmp.cs
	EndProjectSection
EndProject
Project("{FAE04EC0-301F-11D3-BF4B-00C04F79EFBC}") = "MetaFrm.RemoteDesktop.Core(net10.0)", "MetaFrm.RemoteDesktop.Core(net10.0)\MetaFrm.RemoteDesktop.Core(net10.0).csproj", "{AF355BC6-FA42-9352-F42B-CE52B6E4FC16}"
EndProject
Global
	GlobalSection(SolutionConfigurationPlatforms) = preSolution
		Debug|Any CPU = Debug|Any CPU
		Release|Any CPU = Release|Any CPU
	EndGlobalSection
	GlobalSection(ProjectConfigurationPlatforms) = postSolution
		{77E5413A-B386-EFBE-9690-D90B9AD56A0A}.Debug|Any CPU.ActiveCfg = Debug|Any CPU
		{77E5413A-B386-EFBE-9690-D90B9AD56A0A}.Debug|Any CPU.Build.0 = Debug|Any CPU
		{77E5413A-B386-EFBE-9690-D90B9AD56A0A}.Release|Any CPU.ActiveCfg = Release|Any CPU
		{77E5413A-B386-EFBE-9690-D90B9AD56A0A}.Release|Any CPU.Build.0 = Release|Any CPU
		{AF84CAB5-D97F-63EC-4418-E98F5B431520}.Debug|Any CPU.ActiveCfg = Debug|Any CPU
		{AF84CAB5-D97F-63EC-4418-E98F5B431520}.Debug|Any CPU.Build.0 = Debug|Any CPU
		{AF84CAB5-D97F-63EC-4418-E98F5B431520}.Release|Any CPU.ActiveCfg = Release|Any CPU
		{AF84CAB5-D97F-63EC-4418-E98F5B431520}.Release|Any CPU.Build.0 = Release|Any CPU
		{AF355BC6-FA42-9352-F42B-CE52B6E4FC16}.Debug|Any CPU.ActiveCfg = Debug|Any CPU
		{AF355BC6-FA42-9352-F42B-CE52B6E4FC16}.Debug|Any CPU.Build.0 = Debug|Any CPU
		{AF355BC6-FA42-9352-F42B-CE52B6E4FC16}.Release|Any CPU.ActiveCfg = Release|Any CPU
		{AF355BC6-FA42-9352-F42B-CE52B6E4FC16}.Release|Any CPU.Build.0 = Release|Any CPU
	EndGlobalSection
	GlobalSection(SolutionProperties) = preSolution
		HideSolutionNode = FALSE
	EndGlobalSection
	GlobalSection(NestedProjects) = preSolution
		{D278E1B4-119A-4C54-9F1D-23BAACAEAB25} = {EFA3143E-5E70-4B74-8471-8D5120C2EDC7}
		{C8D5274F-AC00-46C7-1F8D-E88E81087A52} = {61D45DB5-C68B-49FD-A0D8-B134EB62701E}
	EndGlobalSection
	GlobalSection(ExtensibilityGlobals) = postSolution
		SolutionGuid = {B0A2D79B-F1AF-4F10-8380-62937D9A7DB7}
	EndGlobalSection
EndGlobal
